
Microsoft Visual Studio Solution File, Format Version 11.00
# Visual Studio 2010
Project("{F184B08F-C81C-45F6-A57F-5ABD9991F28F}") = "字母反序", "字母反序\字母反序.vbproj", "{728C8A6D-303F-45F5-8D8F-936EB91CD1AF}"
EndProject
Global
	GlobalSection(SolutionConfigurationPlatforms) = preSolution
		Debug|x86 = Debug|x86
		Release|x86 = Release|x86
	EndGlobalSection
	GlobalSection(ProjectConfigurationPlatforms) = postSolution
		{728C8A6D-303F-45F5-8D8F-936EB91CD1AF}.Debug|x86.ActiveCfg = Debug|x86
		{728C8A6D-303F-45F5-8D8F-936EB91CD1AF}.Debug|x86.Build.0 = Debug|x86
		{728C8A6D-303F-45F5-8D8F-936EB91CD1AF}.Release|x86.ActiveCfg = Release|x86
		{728C8A6D-303F-45F5-8D8F-936EB91CD1AF}.Release|x86.Build.0 = Release|x86
	EndGlobalSection
	GlobalSection(SolutionProperties) = preSolution
		HideSolutionNode = FALSE
	EndGlobalSection
EndGlobal
